
Microsoft Visual Studio Solution File, Format Version 12.00
# Visual Studio 15
Project("{FAE04EC0-301F-11D3-BF4B-00C04F79EFBC}") = "NavMeshComponents", "NavMeshComponents.csproj", "{5DC5B577-54A1-B22E-C394-ACA86DA9EA46}"
EndProject
Project("{FAE04EC0-301F-11D3-BF4B-00C04F79EFBC}") = "NavMeshComponentsEditor", "NavMeshComponentsEditor.csproj", "{6D1F6A2C-2689-C8D6-80BD-7A536841AA97}"
EndProject
Project("{FAE04EC0-301F-11D3-BF4B-00C04F79EFBC}") = "Assembly-CSharp-Editor", "Assembly-CSharp-Editor.csproj", "{60E9925B-7615-AC14-E8D9-34EC863C3903}"
EndProject
Global
	GlobalSection(SolutionConfigurationPlatforms) = preSolution
		Debug|Any CPU = Debug|Any CPU
		Release|Any CPU = Release|Any CPU
	EndGlobalSection
	GlobalSection(ProjectConfigurationPlatforms) = postSolution
		{5DC5B577-54A1-B22E-C394-ACA86DA9EA46}.Debug|Any CPU.ActiveCfg = Debug|Any CPU
		{5DC5B577-54A1-B22E-C394-ACA86DA9EA46}.Debug|Any CPU.Build.0 = Debug|Any CPU
		{5DC5B577-54A1-B22E-C394-ACA86DA9EA46}.Release|Any CPU.ActiveCfg = Release|Any CPU
		{5DC5B577-54A1-B22E-C394-ACA86DA9EA46}.Release|Any CPU.Build.0 = Release|Any CPU
		{6D1F6A2C-2689-C8D6-80BD-7A536841AA97}.Debug|Any CPU.ActiveCfg = Debug|Any CPU
		{6D1F6A2C-2689-C8D6-80BD-7A536841AA97}.Debug|Any CPU.Build.0 = Debug|Any CPU
		{6D1F6A2C-2689-C8D6-80BD-7A536841AA97}.Release|Any CPU.ActiveCfg = Release|Any CPU
		{6D1F6A2C-2689-C8D6-80BD-7A536841AA97}.Release|Any CPU.Build.0 = Release|Any CPU
		{60E9925B-7615-AC14-E8D9-34EC863C3903}.Debug|Any CPU.ActiveCfg = Debug|Any CPU
		{60E9925B-7615-AC14-E8D9-34EC863C3903}.Debug|Any CPU.Build.0 = Debug|Any CPU
		{60E9925B-7615-AC14-E8D9-34EC863C3903}.Release|Any CPU.ActiveCfg = Release|Any CPU
		{60E9925B-7615-AC14-E8D9-34EC863C3903}.Release|Any CPU.Build.0 = Release|Any CPU
	EndGlobalSection
	GlobalSection(SolutionProperties) = preSolution
		HideSolutionNode = FALSE
	EndGlobalSection
EndGlobal
